
Microsoft Visual Studio Solution File, Format Version 12.00
# Visual Studio Version 17
VisualStudioVersion = 17.1.32421.90
MinimumVisualStudioVersion = 10.0.40219.1
Project("{FAE04EC0-301F-11D3-BF4B-00C04F79EFBC}") = "dotnet-api-inside", "dotnet-api-inside\dotnet-api-inside.csproj", "{0035E82A-80A5-4014-8230-C3B83134119B}"
EndProject
Global
	GlobalSection(SolutionConfigurationPlatforms) = preSolution
		Debug|Any CPU = Debug|Any CPU
		Release|Any CPU = Release|Any CPU
	EndGlobalSection
	GlobalSection(ProjectConfigurationPlatforms) = postSolution
		{0035E82A-80A5-4014-8230-C3B83134119B}.Debug|Any CPU.ActiveCfg = Debug|Any CPU
		{0035E82A-80A5-4014-8230-C3B83134119B}.Debug|Any CPU.Build.0 = Debug|Any CPU
		{0035E82A-80A5-4014-8230-C3B83134119B}.Release|Any CPU.ActiveCfg = Release|Any CPU
		{0035E82A-80A5-4014-8230-C3B83134119B}.Release|Any CPU.Build.0 = Release|Any CPU
	EndGlobalSection
	GlobalSection(SolutionProperties) = preSolution
		HideSolutionNode = FALSE
	EndGlobalSection
	GlobalSection(ExtensibilityGlobals) = postSolution
		SolutionGuid = {35D30034-06FC-4DB2-9A8D-A5D52F058AFC}
	EndGlobalSection
EndGlobal
